// !$*UTF8*$!
{
	archiveVersion = 1;
	classes = {
	};
	objectVersion = 50;
	objects = {

/* Begin PBXBuildFile section */
		E1226D6E20E653A5006CFADA /* SceneStateMachine.cpp in Sources */ = {isa = PBXBuildFile; fileRef = E1226D4420E653A2006CFADA /* SceneStateMachine.cpp */; };
		E1226D6F20E653A5006CFADA /* Game.cpp in Sources */ = {isa = PBXBuildFile; fileRef = E1226D4820E653A2006CFADA /* Game.cpp */; };
		E1226D7020E653A5006CFADA /* SceneGame.cpp in Sources */ = {isa = PBXBuildFile; fileRef = E1226D4A20E653A2006CFADA /* SceneGame.cpp */; };
		E1226D7120E653A5006CFADA /* C_KeyboardMovement.cpp in Sources */ = {isa = PBXBuildFile; fileRef = E1226D4C20E653A2006CFADA /* C_KeyboardMovement.cpp */; };
		E1226D7220E653A5006CFADA /* C_Animation.cpp in Sources */ = {isa = PBXBuildFile; fileRef = E1226D4E20E653A3006CFADA /* C_Animation.cpp */; };
		E1226D7320E653A5006CFADA /* Animation.cpp in Sources */ = {isa = PBXBuildFile; fileRef = E1226D5020E653A3006CFADA /* Animation.cpp */; };
		E1226D7420E653A5006CFADA /* Window.cpp in Sources */ = {isa = PBXBuildFile; fileRef = E1226D5220E653A3006CFADA /* Window.cpp */; };
		E1226D7520E653A5006CFADA /* C_Sprite.cpp in Sources */ = {isa = PBXBuildFile; fileRef = E1226D5320E653A3006CFADA /* C_Sprite.cpp */; };
		E1226D7620E653A5006CFADA /* Object.cpp in Sources */ = {isa = PBXBuildFile; fileRef = E1226D5520E653A3006CFADA /* Object.cpp */; };
		E1226D7720E653A5006CFADA /* Input.cpp in Sources */ = {isa = PBXBuildFile; fileRef = E1226D5620E653A3006CFADA /* Input.cpp */; };
		E1226D7820E653A5006CFADA /* TileMapParser.cpp in Sources */ = {isa = PBXBuildFile; fileRef = E1226D5720E653A3006CFADA /* TileMapParser.cpp */; };
		E1226D7920E653A5006CFADA /* C_Transform.cpp in Sources */ = {isa = PBXBuildFile; fileRef = E1226D5820E653A3006CFADA /* C_Transform.cpp */; };
		E1226D7A20E653A5006CFADA /* Bitmask.cpp in Sources */ = {isa = PBXBuildFile; fileRef = E1226D5920E653A4006CFADA /* Bitmask.cpp */; };
		E1226D7B20E653A5006CFADA /* ObjectCollection.cpp in Sources */ = {isa = PBXBuildFile; fileRef = E1226D5F20E653A4006CFADA /* ObjectCollection.cpp */; };
		E1226D7C20E653A5006CFADA /* WorkingDirectory.cpp in Sources */ = {isa = PBXBuildFile; fileRef = E1226D6220E653A4006CFADA /* WorkingDirectory.cpp */; };
		E1226D7D20E653A5006CFADA /* Main.cpp in Sources */ = {isa = PBXBuildFile; fileRef = E1226D6420E653A4006CFADA /* Main.cpp */; };
		E1226D7E20E653A5006CFADA /* SceneSplashScreen.cpp in Sources */ = {isa = PBXBuildFile; fileRef = E1226D6D20E653A5006CFADA /* SceneSplashScreen.cpp */; };
		E1226D8620E653B3006CFADA /* that_games_guy_logo.png in Resources */ = {isa = PBXBuildFile; fileRef = E1226D8120E653B3006CFADA /* that_games_guy_logo.png */; };
		E1226D8B20E653DD006CFADA /* CoreFoundation.framework in Frameworks */ = {isa = PBXBuildFile; fileRef = E1226D8A20E653DD006CFADA /* CoreFoundation.framework */; };
		E1226D9520E65727006CFADA /* ufo1.png in Resources */ = {isa = PBXBuildFile; fileRef = E1226D9120E65726006CFADA /* ufo1.png */; };
		E1226D9620E65727006CFADA /* ufo3.png in Resources */ = {isa = PBXBuildFile; fileRef = E1226D9220E65726006CFADA /* ufo3.png */; };
		E1226D9720E65727006CFADA /* ufo4.png in Resources */ = {isa = PBXBuildFile; fileRef = E1226D9320E65726006CFADA /* ufo4.png */; };
		E1226D9820E65727006CFADA /* ufo2.png in Resources */ = {isa = PBXBuildFile; fileRef = E1226D9420E65727006CFADA /* ufo2.png */; };
		E1226D9B20E65E8D006CFADA /* C_Velocity.cpp in Sources */ = {isa = PBXBuildFile; fileRef = E1226D9920E65E8D006CFADA /* C_Velocity.cpp */; };
		E1226D9E20E663B1006CFADA /* C_ScreenWrapAround.cpp in Sources */ = {isa = PBXBuildFile; fileRef = E1226D9C20E663B1006CFADA /* C_ScreenWrapAround.cpp */; };
		E1E0F38D20EA60C10077556F /* Neuron.cpp in Sources */ = {isa = PBXBuildFile; fileRef = E1E0F38B20EA60C10077556F /* Neuron.cpp */; };
		E1E0F39020EA62FC0077556F /* NeuronLayer.cpp in Sources */ = {isa = PBXBuildFile; fileRef = E1E0F38E20EA62FC0077556F /* NeuronLayer.cpp */; };
		E1E0F39320EA638D0077556F /* NeuralNetwork.cpp in Sources */ = {isa = PBXBuildFile; fileRef = E1E0F39120EA638D0077556F /* NeuralNetwork.cpp */; };
/* End PBXBuildFile section */

/* Begin PBXFileReference section */
		E1226D2C20E65342006CFADA /* AI Experiments 1 - UFO.app */ = {isa = PBXFileReference; explicitFileType = wrapper.application; includeInIndex = 0; path = "AI Experiments 1 - UFO.app"; sourceTree = BUILT_PRODUCTS_DIR; };
		E1226D3020E65342006CFADA /* AI Experiments 1 - UFO-Info.plist */ = {isa = PBXFileReference; lastKnownFileType = text.plist.xml; path = "AI Experiments 1 - UFO-Info.plist"; sourceTree = "<group>"; };
		E1226D4420E653A2006CFADA /* SceneStateMachine.cpp */ = {isa = PBXFileReference; fileEncoding = 4; lastKnownFileType = sourcecode.cpp.cpp; path = SceneStateMachine.cpp; sourceTree = "<group>"; };
		E1226D4520E653A2006CFADA /* Animation.hpp */ = {isa = PBXFileReference; fileEncoding = 4; lastKnownFileType = sourcecode.cpp.h; path = Animation.hpp; sourceTree = "<group>"; };
		E1226D4620E653A2006CFADA /* TileMapParser.hpp */ = {isa = PBXFileReference; fileEncoding = 4; lastKnownFileType = sourcecode.cpp.h; path = TileMapParser.hpp; sourceTree = "<group>"; };
		E1226D4720E653A2006CFADA /* rapidxml_utils.hpp */ = {isa = PBXFileReference; fileEncoding = 4; lastKnownFileType = sourcecode.cpp.h; path = rapidxml_utils.hpp; sourceTree = "<group>"; };
		E1226D4820E653A2006CFADA /* Game.cpp */ = {isa = PBXFileReference; fileEncoding = 4; lastKnownFileType = sourcecode.cpp.cpp; path = Game.cpp; sourceTree = "<group>"; };
		E1226D4920E653A2006CFADA /* SceneGame.hpp */ = {isa = PBXFileReference; fileEncoding = 4; lastKnownFileType = sourcecode.cpp.h; path = SceneGame.hpp; sourceTree = "<group>"; };
		E1226D4A20E653A2006CFADA /* SceneGame.cpp */ = {isa = PBXFileReference; fileEncoding = 4; lastKnownFileType = sourcecode.cpp.cpp; path = SceneGame.cpp; sourceTree = "<group>"; };
		E1226D4B20E653A2006CFADA /* Bitmask.hpp */ = {isa = PBXFileReference; fileEncoding = 4; lastKnownFileType = sourcecode.cpp.h; path = Bitmask.hpp; sourceTree = "<group>"; };
		E1226D4C20E653A2006CFADA /* C_KeyboardMovement.cpp */ = {isa = PBXFileReference; fileEncoding = 4; lastKnownFileType = sourcecode.cpp.cpp; path = C_KeyboardMovement.cpp; sourceTree = "<group>"; };
		E1226D4D20E653A3006CFADA /* Tile.h */ = {isa = PBXFileReference; fileEncoding = 4; lastKnownFileType = sourcecode.c.h; path = Tile.h; sourceTree = "<group>"; };
		E1226D4E20E653A3006CFADA /* C_Animation.cpp */ = {isa = PBXFileReference; fileEncoding = 4; lastKnownFileType = sourcecode.cpp.cpp; path = C_Animation.cpp; sourceTree = "<group>"; };
		E1226D4F20E653A3006CFADA /* Component.hpp */ = {isa = PBXFileReference; fileEncoding = 4; lastKnownFileType = sourcecode.cpp.h; path = Component.hpp; sourceTree = "<group>"; };
		E1226D5020E653A3006CFADA /* Animation.cpp */ = {isa = PBXFileReference; fileEncoding = 4; lastKnownFileType = sourcecode.cpp.cpp; path = Animation.cpp; sourceTree = "<group>"; };
		E1226D5120E653A3006CFADA /* rapidxml_iterators.hpp */ = {isa = PBXFileReference; fileEncoding = 4; lastKnownFileType = sourcecode.cpp.h; path = rapidxml_iterators.hpp; sourceTree = "<group>"; };
		E1226D5220E653A3006CFADA /* Window.cpp */ = {isa = PBXFileReference; fileEncoding = 4; lastKnownFileType = sourcecode.cpp.cpp; path = Window.cpp; sourceTree = "<group>"; };
		E1226D5320E653A3006CFADA /* C_Sprite.cpp */ = {isa = PBXFileReference; fileEncoding = 4; lastKnownFileType = sourcecode.cpp.cpp; path = C_Sprite.cpp; sourceTree = "<group>"; };
		E1226D5420E653A3006CFADA /* Scene.hpp */ = {isa = PBXFileReference; fileEncoding = 4; lastKnownFileType = sourcecode.cpp.h; path = Scene.hpp; sourceTree = "<group>"; };
		E1226D5520E653A3006CFADA /* Object.cpp */ = {isa = PBXFileReference; fileEncoding = 4; lastKnownFileType = sourcecode.cpp.cpp; path = Object.cpp; sourceTree = "<group>"; };
		E1226D5620E653A3006CFADA /* Input.cpp */ = {isa = PBXFileReference; fileEncoding = 4; lastKnownFileType = sourcecode.cpp.cpp; path = Input.cpp; sourceTree = "<group>"; };
		E1226D5720E653A3006CFADA /* TileMapParser.cpp */ = {isa = PBXFileReference; fileEncoding = 4; lastKnownFileType = sourcecode.cpp.cpp; path = TileMapParser.cpp; sourceTree = "<group>"; };
		E1226D5820E653A3006CFADA /* C_Transform.cpp */ = {isa = PBXFileReference; fileEncoding = 4; lastKnownFileType = sourcecode.cpp.cpp; path = C_Transform.cpp; sourceTree = "<group>"; };
		E1226D5920E653A4006CFADA /* Bitmask.cpp */ = {isa = PBXFileReference; fileEncoding = 4; lastKnownFileType = sourcecode.cpp.cpp; path = Bitmask.cpp; sourceTree = "<group>"; };
		E1226D5A20E653A4006CFADA /* ObjectCollection.hpp */ = {isa = PBXFileReference; fileEncoding = 4; lastKnownFileType = sourcecode.cpp.h; path = ObjectCollection.hpp; sourceTree = "<group>"; };
		E1226D5B20E653A4006CFADA /* Object.hpp */ = {isa = PBXFileReference; fileEncoding = 4; lastKnownFileType = sourcecode.cpp.h; path = Object.hpp; sourceTree = "<group>"; };
		E1226D5C20E653A4006CFADA /* rapidxml.hpp */ = {isa = PBXFileReference; fileEncoding = 4; lastKnownFileType = sourcecode.cpp.h; path = rapidxml.hpp; sourceTree = "<group>"; };
		E1226D5D20E653A4006CFADA /* C_Animation.hpp */ = {isa = PBXFileReference; fileEncoding = 4; lastKnownFileType = sourcecode.cpp.h; path = C_Animation.hpp; sourceTree = "<group>"; };
		E1226D5E20E653A4006CFADA /* Input.hpp */ = {isa = PBXFileReference; fileEncoding = 4; lastKnownFileType = sourcecode.cpp.h; path = Input.hpp; sourceTree = "<group>"; };
		E1226D5F20E653A4006CFADA /* ObjectCollection.cpp */ = {isa = PBXFileReference; fileEncoding = 4; lastKnownFileType = sourcecode.cpp.cpp; path = ObjectCollection.cpp; sourceTree = "<group>"; };
		E1226D6020E653A4006CFADA /* Utilities.h */ = {isa = PBXFileReference; fileEncoding = 4; lastKnownFileType = sourcecode.c.h; path = Utilities.h; sourceTree = "<group>"; };
		E1226D6120E653A4006CFADA /* SceneStateMachine.hpp */ = {isa = PBXFileReference; fileEncoding = 4; lastKnownFileType = sourcecode.cpp.h; path = SceneStateMachine.hpp; sourceTree = "<group>"; };
		E1226D6220E653A4006CFADA /* WorkingDirectory.cpp */ = {isa = PBXFileReference; fileEncoding = 4; lastKnownFileType = sourcecode.cpp.cpp; path = WorkingDirectory.cpp; sourceTree = "<group>"; };
		E1226D6320E653A4006CFADA /* C_Transform.hpp */ = {isa = PBXFileReference; fileEncoding = 4; lastKnownFileType = sourcecode.cpp.h; path = C_Transform.hpp; sourceTree = "<group>"; };
		E1226D6420E653A4006CFADA /* Main.cpp */ = {isa = PBXFileReference; fileEncoding = 4; lastKnownFileType = sourcecode.cpp.cpp; path = Main.cpp; sourceTree = "<group>"; };
		E1226D6520E653A4006CFADA /* Game.hpp */ = {isa = PBXFileReference; fileEncoding = 4; lastKnownFileType = sourcecode.cpp.h; path = Game.hpp; sourceTree = "<group>"; };
		E1226D6620E653A5006CFADA /* C_KeyboardMovement.hpp */ = {isa = PBXFileReference; fileEncoding = 4; lastKnownFileType = sourcecode.cpp.h; path = C_KeyboardMovement.hpp; sourceTree = "<group>"; };
		E1226D6720E653A5006CFADA /* rapidxml_print.hpp */ = {isa = PBXFileReference; fileEncoding = 4; lastKnownFileType = sourcecode.cpp.h; path = rapidxml_print.hpp; sourceTree = "<group>"; };
		E1226D6820E653A5006CFADA /* ResourceAllocator.hpp */ = {isa = PBXFileReference; fileEncoding = 4; lastKnownFileType = sourcecode.cpp.h; path = ResourceAllocator.hpp; sourceTree = "<group>"; };
		E1226D6920E653A5006CFADA /* SceneSplashScreen.hpp */ = {isa = PBXFileReference; fileEncoding = 4; lastKnownFileType = sourcecode.cpp.h; path = SceneSplashScreen.hpp; sourceTree = "<group>"; };
		E1226D6A20E653A5006CFADA /* Window.hpp */ = {isa = PBXFileReference; fileEncoding = 4; lastKnownFileType = sourcecode.cpp.h; path = Window.hpp; sourceTree = "<group>"; };
		E1226D6B20E653A5006CFADA /* C_Sprite.hpp */ = {isa = PBXFileReference; fileEncoding = 4; lastKnownFileType = sourcecode.cpp.h; path = C_Sprite.hpp; sourceTree = "<group>"; };
		E1226D6C20E653A5006CFADA /* WorkingDirectory.hpp */ = {isa = PBXFileReference; fileEncoding = 4; lastKnownFileType = sourcecode.cpp.h; path = WorkingDirectory.hpp; sourceTree = "<group>"; };
		E1226D6D20E653A5006CFADA /* SceneSplashScreen.cpp */ = {isa = PBXFileReference; fileEncoding = 4; lastKnownFileType = sourcecode.cpp.cpp; path = SceneSplashScreen.cpp; sourceTree = "<group>"; };
		E1226D8120E653B3006CFADA /* that_games_guy_logo.png */ = {isa = PBXFileReference; lastKnownFileType = image.png; path = that_games_guy_logo.png; sourceTree = "<group>"; };
		E1226D8A20E653DD006CFADA /* CoreFoundation.framework */ = {isa = PBXFileReference; lastKnownFileType = wrapper.framework; name = CoreFoundation.framework; path = System/Library/Frameworks/CoreFoundation.framework; sourceTree = SDKROOT; };
		E1226D9120E65726006CFADA /* ufo1.png */ = {isa = PBXFileReference; lastKnownFileType = image.png; path = ufo1.png; sourceTree = "<group>"; };
		E1226D9220E65726006CFADA /* ufo3.png */ = {isa = PBXFileReference; lastKnownFileType = image.png; path = ufo3.png; sourceTree = "<group>"; };
		E1226D9320E65726006CFADA /* ufo4.png */ = {isa = PBXFileReference; lastKnownFileType = image.png; path = ufo4.png; sourceTree = "<group>"; };
		E1226D9420E65727006CFADA /* ufo2.png */ = {isa = PBXFileReference; lastKnownFileType = image.png; path = ufo2.png; sourceTree = "<group>"; };
		E1226D9920E65E8D006CFADA /* C_Velocity.cpp */ = {isa = PBXFileReference; lastKnownFileType = sourcecode.cpp.cpp; path = C_Velocity.cpp; sourceTree = "<group>"; };
		E1226D9A20E65E8D006CFADA /* C_Velocity.hpp */ = {isa = PBXFileReference; lastKnownFileType = sourcecode.cpp.h; path = C_Velocity.hpp; sourceTree = "<group>"; };
		E1226D9C20E663B1006CFADA /* C_ScreenWrapAround.cpp */ = {isa = PBXFileReference; lastKnownFileType = sourcecode.cpp.cpp; path = C_ScreenWrapAround.cpp; sourceTree = "<group>"; };
		E1226D9D20E663B1006CFADA /* C_ScreenWrapAround.hpp */ = {isa = PBXFileReference; lastKnownFileType = sourcecode.cpp.h; path = C_ScreenWrapAround.hpp; sourceTree = "<group>"; };
		E1E0F38B20EA60C10077556F /* Neuron.cpp */ = {isa = PBXFileReference; lastKnownFileType = sourcecode.cpp.cpp; path = Neuron.cpp; sourceTree = "<group>"; };
		E1E0F38C20EA60C10077556F /* Neuron.hpp */ = {isa = PBXFileReference; lastKnownFileType = sourcecode.cpp.h; path = Neuron.hpp; sourceTree = "<group>"; };
		E1E0F38E20EA62FC0077556F /* NeuronLayer.cpp */ = {isa = PBXFileReference; lastKnownFileType = sourcecode.cpp.cpp; path = NeuronLayer.cpp; sourceTree = "<group>"; };
		E1E0F38F20EA62FC0077556F /* NeuronLayer.hpp */ = {isa = PBXFileReference; lastKnownFileType = sourcecode.cpp.h; path = NeuronLayer.hpp; sourceTree = "<group>"; };
		E1E0F39120EA638D0077556F /* NeuralNetwork.cpp */ = {isa = PBXFileReference; lastKnownFileType = sourcecode.cpp.cpp; path = NeuralNetwork.cpp; sourceTree = "<group>"; };
		E1E0F39220EA638D0077556F /* NeuralNetwork.hpp */ = {isa = PBXFileReference; lastKnownFileType = sourcecode.cpp.h; path = NeuralNetwork.hpp; sourceTree = "<group>"; };
/* End PBXFileReference section */

/* Begin PBXFrameworksBuildPhase section */
		E1226D2820E65342006CFADA /* Frameworks */ = {
			isa = PBXFrameworksBuildPhase;
			buildActionMask = 2147483647;
			files = (
				E1226D8B20E653DD006CFADA /* CoreFoundation.framework in Frameworks */,
			);
			runOnlyForDeploymentPostprocessing = 0;
		};
/* End PBXFrameworksBuildPhase section */

/* Begin PBXGroup section */
		E1226D2220E65342006CFADA = {
			isa = PBXGroup;
			children = (
				E1226D2E20E65342006CFADA /* AI Experiments 1 - UFO */,
				E1226D2D20E65342006CFADA /* Products */,
				E1226D8920E653DD006CFADA /* Frameworks */,
			);
			sourceTree = "<group>";
		};
		E1226D2D20E65342006CFADA /* Products */ = {
			isa = PBXGroup;
			children = (
				E1226D2C20E65342006CFADA /* AI Experiments 1 - UFO.app */,
			);
			name = Products;
			sourceTree = "<group>";
		};
		E1226D2E20E65342006CFADA /* AI Experiments 1 - UFO */ = {
			isa = PBXGroup;
			children = (
				E1E0F38A20EA60680077556F /* Neural Network */,
				E1226D9020E65443006CFADA /* Components */,
				E1226D8F20E65436006CFADA /* TIlemap */,
				E1226D8E20E65429006CFADA /* Objects */,
				E1226D8D20E6540E006CFADA /* Scenes */,
				E1226D8C20E653F4006CFADA /* XML Parser */,
				E1226D5020E653A3006CFADA /* Animation.cpp */,
				E1226D4520E653A2006CFADA /* Animation.hpp */,
				E1226D5920E653A4006CFADA /* Bitmask.cpp */,
				E1226D4B20E653A2006CFADA /* Bitmask.hpp */,
				E1226D4820E653A2006CFADA /* Game.cpp */,
				E1226D6520E653A4006CFADA /* Game.hpp */,
				E1226D5620E653A3006CFADA /* Input.cpp */,
				E1226D5E20E653A4006CFADA /* Input.hpp */,
				E1226D6420E653A4006CFADA /* Main.cpp */,
				E1226D6820E653A5006CFADA /* ResourceAllocator.hpp */,
				E1226D6020E653A4006CFADA /* Utilities.h */,
				E1226D5220E653A3006CFADA /* Window.cpp */,
				E1226D6A20E653A5006CFADA /* Window.hpp */,
				E1226D6220E653A4006CFADA /* WorkingDirectory.cpp */,
				E1226D6C20E653A5006CFADA /* WorkingDirectory.hpp */,
				E1226D3620E65342006CFADA /* Resources */,
				E1226D2F20E65342006CFADA /* Supporting Files */,
			);
			path = "AI Experiments 1 - UFO";
			sourceTree = "<group>";
		};
		E1226D2F20E65342006CFADA /* Supporting Files */ = {
			isa = PBXGroup;
			children = (
				E1226D3020E65342006CFADA /* AI Experiments 1 - UFO-Info.plist */,
			);
			name = "Supporting Files";
			sourceTree = "<group>";
		};
		E1226D3620E65342006CFADA /* Resources */ = {
			isa = PBXGroup;
			children = (
				E1226D9120E65726006CFADA /* ufo1.png */,
				E1226D9420E65727006CFADA /* ufo2.png */,
				E1226D9220E65726006CFADA /* ufo3.png */,
				E1226D9320E65726006CFADA /* ufo4.png */,
				E1226D8120E653B3006CFADA /* that_games_guy_logo.png */,
			);
			name = Resources;
			sourceTree = "<group>";
		};
		E1226D8920E653DD006CFADA /* Frameworks */ = {
			isa = PBXGroup;
			children = (
				E1226D8A20E653DD006CFADA /* CoreFoundation.framework */,
			);
			name = Frameworks;
			sourceTree = "<group>";
		};
		E1226D8C20E653F4006CFADA /* XML Parser */ = {
			isa = PBXGroup;
			children = (
				E1226D5120E653A3006CFADA /* rapidxml_iterators.hpp */,
				E1226D6720E653A5006CFADA /* rapidxml_print.hpp */,
				E1226D4720E653A2006CFADA /* rapidxml_utils.hpp */,
				E1226D5C20E653A4006CFADA /* rapidxml.hpp */,
			);
			name = "XML Parser";
			sourceTree = "<group>";
		};
		E1226D8D20E6540E006CFADA /* Scenes */ = {
			isa = PBXGroup;
			children = (
				E1226D5420E653A3006CFADA /* Scene.hpp */,
				E1226D4A20E653A2006CFADA /* SceneGame.cpp */,
				E1226D4920E653A2006CFADA /* SceneGame.hpp */,
				E1226D6D20E653A5006CFADA /* SceneSplashScreen.cpp */,
				E1226D6920E653A5006CFADA /* SceneSplashScreen.hpp */,
				E1226D4420E653A2006CFADA /* SceneStateMachine.cpp */,
				E1226D6120E653A4006CFADA /* SceneStateMachine.hpp */,
			);
			name = Scenes;
			sourceTree = "<group>";
		};
		E1226D8E20E65429006CFADA /* Objects */ = {
			isa = PBXGroup;
			children = (
				E1226D5520E653A3006CFADA /* Object.cpp */,
				E1226D5B20E653A4006CFADA /* Object.hpp */,
				E1226D5F20E653A4006CFADA /* ObjectCollection.cpp */,
				E1226D5A20E653A4006CFADA /* ObjectCollection.hpp */,
			);
			name = Objects;
			sourceTree = "<group>";
		};
		E1226D8F20E65436006CFADA /* TIlemap */ = {
			isa = PBXGroup;
			children = (
				E1226D4D20E653A3006CFADA /* Tile.h */,
				E1226D5720E653A3006CFADA /* TileMapParser.cpp */,
				E1226D4620E653A2006CFADA /* TileMapParser.hpp */,
			);
			name = TIlemap;
			sourceTree = "<group>";
		};
		E1226D9020E65443006CFADA /* Components */ = {
			isa = PBXGroup;
			children = (
				E1226D4E20E653A3006CFADA /* C_Animation.cpp */,
				E1226D5D20E653A4006CFADA /* C_Animation.hpp */,
				E1226D4C20E653A2006CFADA /* C_KeyboardMovement.cpp */,
				E1226D6620E653A5006CFADA /* C_KeyboardMovement.hpp */,
				E1226D5320E653A3006CFADA /* C_Sprite.cpp */,
				E1226D6B20E653A5006CFADA /* C_Sprite.hpp */,
				E1226D5820E653A3006CFADA /* C_Transform.cpp */,
				E1226D6320E653A4006CFADA /* C_Transform.hpp */,
				E1226D4F20E653A3006CFADA /* Component.hpp */,
				E1226D9920E65E8D006CFADA /* C_Velocity.cpp */,
				E1226D9A20E65E8D006CFADA /* C_Velocity.hpp */,
				E1226D9C20E663B1006CFADA /* C_ScreenWrapAround.cpp */,
				E1226D9D20E663B1006CFADA /* C_ScreenWrapAround.hpp */,
			);
			name = Components;
			sourceTree = "<group>";
		};
		E1E0F38A20EA60680077556F /* Neural Network */ = {
			isa = PBXGroup;
			children = (
				E1E0F38B20EA60C10077556F /* Neuron.cpp */,
				E1E0F38C20EA60C10077556F /* Neuron.hpp */,
				E1E0F38E20EA62FC0077556F /* NeuronLayer.cpp */,
				E1E0F38F20EA62FC0077556F /* NeuronLayer.hpp */,
				E1E0F39120EA638D0077556F /* NeuralNetwork.cpp */,
				E1E0F39220EA638D0077556F /* NeuralNetwork.hpp */,
			);
			name = "Neural Network";
			sourceTree = "<group>";
		};
/* End PBXGroup section */

/* Begin PBXNativeTarget section */
		E1226D2B20E65342006CFADA /* AI Experiments 1 - UFO */ = {
			isa = PBXNativeTarget;
			buildConfigurationList = E1226D4120E65342006CFADA /* Build configuration list for PBXNativeTarget "AI Experiments 1 - UFO" */;
			buildPhases = (
				E1226D2720E65342006CFADA /* Sources */,
				E1226D2820E65342006CFADA /* Frameworks */,
				E1226D2920E65342006CFADA /* Resources */,
				E1226D2A20E65342006CFADA /* ShellScript */,
			);
			buildRules = (
			);
			dependencies = (
			);
			name = "AI Experiments 1 - UFO";
			productName = "AI Experiments 1 - UFO";
			productReference = E1226D2C20E65342006CFADA /* AI Experiments 1 - UFO.app */;
			productType = "com.apple.product-type.application";
		};
/* End PBXNativeTarget section */

/* Begin PBXProject section */
		E1226D2320E65342006CFADA /* Project object */ = {
			isa = PBXProject;
			attributes = {
				LastUpgradeCheck = 0940;
				ORGANIZATIONNAME = "Robert Wells";
				TargetAttributes = {
					E1226D2B20E65342006CFADA = {
						CreatedOnToolsVersion = 9.4.1;
					};
				};
			};
			buildConfigurationList = E1226D2620E65342006CFADA /* Build configuration list for PBXProject "AI Experiments 1 - UFO" */;
			compatibilityVersion = "Xcode 9.3";
			developmentRegion = en;
			hasScannedForEncodings = 0;
			knownRegions = (
				en,
			);
			mainGroup = E1226D2220E65342006CFADA;
			productRefGroup = E1226D2D20E65342006CFADA /* Products */;
			projectDirPath = "";
			projectRoot = "";
			targets = (
				E1226D2B20E65342006CFADA /* AI Experiments 1 - UFO */,
			);
		};
/* End PBXProject section */

/* Begin PBXResourcesBuildPhase section */
		E1226D2920E65342006CFADA /* Resources */ = {
			isa = PBXResourcesBuildPhase;
			buildActionMask = 2147483647;
			files = (
				E1226D9520E65727006CFADA /* ufo1.png in Resources */,
				E1226D9820E65727006CFADA /* ufo2.png in Resources */,
				E1226D9720E65727006CFADA /* ufo4.png in Resources */,
				E1226D8620E653B3006CFADA /* that_games_guy_logo.png in Resources */,
				E1226D9620E65727006CFADA /* ufo3.png in Resources */,
			);
			runOnlyForDeploymentPostprocessing = 0;
		};
/* End PBXResourcesBuildPhase section */

/* Begin PBXShellScriptBuildPhase section */
		E1226D2A20E65342006CFADA /* ShellScript */ = {
			isa = PBXShellScriptBuildPhase;
			buildActionMask = 2147483647;
			files = (
			);
			inputPaths = (
			);
			outputPaths = (
			);
			runOnlyForDeploymentPostprocessing = 0;
			shellPath = /bin/sh;
			shellScript = "# This shell script simply copies required SFML dylibs/frameworks into the application bundle frameworks folder.\n# If you're using static libraries (which is not recommended) you should remove this script from your project.\n\n# SETTINGS\nCMAKE_INSTALL_FRAMEWORK_PREFIX=\"/Library/Frameworks\"\nCMAKE_INSTALL_LIB_PREFIX=\"/usr/local/lib\"\nFRAMEWORKS_FULL_PATH=\"$BUILT_PRODUCTS_DIR/$FRAMEWORKS_FOLDER_PATH/\"\n\n# Are we building a project that uses frameworks or dylibs?\ncase \"$SFML_BINARY_TYPE\" in\n    DYLIBS)\n        frameworks=\"false\"\n        ;;\n    *)\n        frameworks=\"true\"\n        ;;\nesac\n\n# Echoes to stderr\nerror () # $* message to display\n{\n    echo $* 1>&2\n    exit 2\n}\n\nassert () # $1 is a boolean, $2...N is an error message\n{\n    if [ $# -lt 2 ]\n    then\n        error \"Internal error in assert: not enough args\"\n    fi\n\n    if [ $1 -ne 0 ]\n    then\n        shift\n        error \"$*\"\n    fi\n}\n\nforce_remove () # $@ is some paths\n{\n    test $# -ge 1\n    assert $? \"force_remove() requires at least one parameter\"\n    rm -fr $@\n    assert $? \"couldn't remove $@\"\n}\n\ncopy () # $1 is a source, $2 is a destination\n{\n    test $# -eq 2\n    assert $? \"copy() requires two parameters\"\n    ditto \"$1\" \"$2\"\n    assert $? \"couldn't copy $1 to $2\"\n}\n\nrequire () # $1 is a SFML module like 'system' or 'audio'\n{\n    dest=\"$BUILT_PRODUCTS_DIR/$FRAMEWORKS_FOLDER_PATH/\"\n\n    if [ -z \"$1\" ]\n    then\n        error \"require() requires one parameter!\"\n    else\n        # clean potentially old stuff\n        force_remove \"$dest/libsfml-$1\"*\n        force_remove \"$dest/sfml-$1.framework\"\n\n        # copy SFML libraries\n        if [ \"$frameworks\" = \"true\" ]\n        then\n            source=\"$CMAKE_INSTALL_FRAMEWORK_PREFIX/sfml-$1.framework\"\n            target=\"sfml-$1.framework\"\n        elif [ \"$SFML_LINK_DYLIBS_SUFFIX\" = \"-d\" ]\n        then\n            source=\"$CMAKE_INSTALL_LIB_PREFIX/libsfml-$1-d.dylib\"\n            target=\"`readlink $source`\"\n        else\n            source=\"$CMAKE_INSTALL_LIB_PREFIX/libsfml-$1.dylib\"\n            target=\"`readlink $source`\"\n        fi\n\n        copy \"$source\" \"$dest/$target\"\n\n        # copy extra dependencies\n        if [ \"$1\" = \"audio\" ]\n        then\n            # copy \"FLAC\" \"ogg\" \"vorbis\" \"vorbisenc\" \"vorbisfile\" \"OpenAL\" frameworks too\n            for f in \"FLAC\" \"ogg\" \"vorbis\" \"vorbisenc\" \"vorbisfile\" \"OpenAL\"\n            do\n                copy \"$CMAKE_INSTALL_FRAMEWORK_PREFIX/$f.framework\" \"$dest/$f.framework\"\n            done\n        elif [ \"$1\" = \"graphics\" ]\n        then\n            copy \"$CMAKE_INSTALL_FRAMEWORK_PREFIX/freetype.framework\" \"$dest/freetype.framework\"\n        fi\n    fi\n}\n\nif [ -n \"$SFML_SYSTEM\" ]\nthen\n    require \"system\"\nfi\n\nif [ -n \"$SFML_AUDIO\" ]\nthen\n    require \"audio\"\nfi\n\nif [ -n \"$SFML_NETWORK\" ]\nthen\n    require \"network\"\nfi\n\nif [ -n \"$SFML_WINDOW\" ]\nthen\n    require \"window\"\nfi\n\nif [ -n \"$SFML_GRAPHICS\" ]\nthen\n    require \"graphics\"\nfi\n\n                ";
		};
/* End PBXShellScriptBuildPhase section */

/* Begin PBXSourcesBuildPhase section */
		E1226D2720E65342006CFADA /* Sources */ = {
			isa = PBXSourcesBuildPhase;
			buildActionMask = 2147483647;
			files = (
				E1226D7420E653A5006CFADA /* Window.cpp in Sources */,
				E1226D7820E653A5006CFADA /* TileMapParser.cpp in Sources */,
				E1226D7020E653A5006CFADA /* SceneGame.cpp in Sources */,
				E1E0F39320EA638D0077556F /* NeuralNetwork.cpp in Sources */,
				E1226D7120E653A5006CFADA /* C_KeyboardMovement.cpp in Sources */,
				E1226D7320E653A5006CFADA /* Animation.cpp in Sources */,
				E1226D7720E653A5006CFADA /* Input.cpp in Sources */,
				E1226D9B20E65E8D006CFADA /* C_Velocity.cpp in Sources */,
				E1E0F39020EA62FC0077556F /* NeuronLayer.cpp in Sources */,
				E1226D7220E653A5006CFADA /* C_Animation.cpp in Sources */,
				E1226D6E20E653A5006CFADA /* SceneStateMachine.cpp in Sources */,
				E1226D7A20E653A5006CFADA /* Bitmask.cpp in Sources */,
				E1226D7520E653A5006CFADA /* C_Sprite.cpp in Sources */,
				E1226D9E20E663B1006CFADA /* C_ScreenWrapAround.cpp in Sources */,
				E1226D6F20E653A5006CFADA /* Game.cpp in Sources */,
				E1226D7920E653A5006CFADA /* C_Transform.cpp in Sources */,
				E1226D7B20E653A5006CFADA /* ObjectCollection.cpp in Sources */,
				E1226D7620E653A5006CFADA /* Object.cpp in Sources */,
				E1226D7D20E653A5006CFADA /* Main.cpp in Sources */,
				E1226D7E20E653A5006CFADA /* SceneSplashScreen.cpp in Sources */,
				E1E0F38D20EA60C10077556F /* Neuron.cpp in Sources */,
				E1226D7C20E653A5006CFADA /* WorkingDirectory.cpp in Sources */,
			);
			runOnlyForDeploymentPostprocessing = 0;
		};
/* End PBXSourcesBuildPhase section */

/* Begin XCBuildConfiguration section */
		E1226D3F20E65342006CFADA /* Debug */ = {
			isa = XCBuildConfiguration;
			buildSettings = {
				ARCHS = "$(NATIVE_ARCH_ACTUAL)";
				CLANG_CXX_LANGUAGE_STANDARD = "c++0x";
				CLANG_CXX_LIBRARY = "libc++";
				FRAMEWORK_SEARCH_PATHS = (
					/Library/Frameworks/,
					"$(inherited)",
				);
				GCC_VERSION = com.apple.compilers.llvm.clang.1_0;
				HEADER_SEARCH_PATHS = (
					/usr/local/include/,
					"$(inherited)",
				);
				LIBRARY_SEARCH_PATHS = (
					/usr/local/lib/,
					"$(inherited)",
				);
				MACOSX_DEPLOYMENT_TARGET = 10.7;
				OTHER_LDFLAGS = (
					"$(inherited)",
					"$(SFML_SYSTEM)",
					"$(SFML_WINDOW)",
					"$(SFML_GRAPHICS)",
					"$(SFML_AUDIO)",
					"$(SFML_NETWORK)",
				);
				SFML_AUDIO = "$(SFML_LINK_PREFIX) sfml-audio$(SFML_LINK_SUFFIX)";
				SFML_BINARY_TYPE = FRAMEWORKS;
				SFML_GRAPHICS = "$(SFML_LINK_PREFIX) sfml-graphics$(SFML_LINK_SUFFIX)";
				SFML_LINK_DYLIBS_PREFIX = "-l";
				SFML_LINK_DYLIBS_SUFFIX = "";
				SFML_LINK_FRAMEWORKS_PREFIX = "-framework";
				SFML_LINK_FRAMEWORKS_SUFFIX = "";
				SFML_LINK_PREFIX = "$(SFML_LINK_$(SFML_BINARY_TYPE)_PREFIX)";
				SFML_LINK_SUFFIX = "$(SFML_LINK_$(SFML_BINARY_TYPE)_SUFFIX)";
				SFML_NETWORK = "$(SFML_LINK_PREFIX) sfml-network$(SFML_LINK_SUFFIX)";
				SFML_SYSTEM = "$(SFML_LINK_PREFIX) sfml-system$(SFML_LINK_SUFFIX)";
				SFML_WINDOW = "$(SFML_LINK_PREFIX) sfml-window$(SFML_LINK_SUFFIX)";
				SUPPORTED_PLATFORMS = macosx;
			};
			name = Debug;
		};
		E1226D4020E65342006CFADA /* Release */ = {
			isa = XCBuildConfiguration;
			buildSettings = {
				ARCHS = "$(NATIVE_ARCH_ACTUAL)";
				CLANG_CXX_LANGUAGE_STANDARD = "c++0x";
				CLANG_CXX_LIBRARY = "libc++";
				FRAMEWORK_SEARCH_PATHS = (
					/Library/Frameworks/,
					"$(inherited)",
				);
				GCC_VERSION = com.apple.compilers.llvm.clang.1_0;
				HEADER_SEARCH_PATHS = (
					/usr/local/include/,
					"$(inherited)",
				);
				LIBRARY_SEARCH_PATHS = (
					/usr/local/lib/,
					"$(inherited)",
				);
				MACOSX_DEPLOYMENT_TARGET = 10.7;
				OTHER_LDFLAGS = (
					"$(inherited)",
					"$(SFML_SYSTEM)",
					"$(SFML_WINDOW)",
					"$(SFML_GRAPHICS)",
					"$(SFML_AUDIO)",
					"$(SFML_NETWORK)",
				);
				SFML_AUDIO = "$(SFML_LINK_PREFIX) sfml-audio$(SFML_LINK_SUFFIX)";
				SFML_BINARY_TYPE = FRAMEWORKS;
				SFML_GRAPHICS = "$(SFML_LINK_PREFIX) sfml-graphics$(SFML_LINK_SUFFIX)";
				SFML_LINK_DYLIBS_PREFIX = "-l";
				SFML_LINK_DYLIBS_SUFFIX = "";
				SFML_LINK_FRAMEWORKS_PREFIX = "-framework";
				SFML_LINK_FRAMEWORKS_SUFFIX = "";
				SFML_LINK_PREFIX = "$(SFML_LINK_$(SFML_BINARY_TYPE)_PREFIX)";
				SFML_LINK_SUFFIX = "$(SFML_LINK_$(SFML_BINARY_TYPE)_SUFFIX)";
				SFML_NETWORK = "$(SFML_LINK_PREFIX) sfml-network$(SFML_LINK_SUFFIX)";
				SFML_SYSTEM = "$(SFML_LINK_PREFIX) sfml-system$(SFML_LINK_SUFFIX)";
				SFML_WINDOW = "$(SFML_LINK_PREFIX) sfml-window$(SFML_LINK_SUFFIX)";
				SUPPORTED_PLATFORMS = macosx;
			};
			name = Release;
		};
		E1226D4220E65342006CFADA /* Debug */ = {
			isa = XCBuildConfiguration;
			buildSettings = {
				CODE_SIGN_STYLE = Automatic;
				GCC_OPTIMIZATION_LEVEL = 0;
				INFOPLIST_FILE = "AI Experiments 1 - UFO/AI Experiments 1 - UFO-Info.plist";
				LD_RUNPATH_SEARCH_PATHS = "@loader_path/../Frameworks";
				OTHER_CFLAGS = (
					"-D",
					MACOS,
				);
				PRODUCT_BUNDLE_IDENTIFIER = "thatgamesguy.AI-Experiments-1-UFO";
				PRODUCT_NAME = "$(TARGET_NAME)";
			};
			name = Debug;
		};
		E1226D4320E65342006CFADA /* Release */ = {
			isa = XCBuildConfiguration;
			buildSettings = {
				CODE_SIGN_STYLE = Automatic;
				GCC_OPTIMIZATION_LEVEL = 0;
				INFOPLIST_FILE = "AI Experiments 1 - UFO/AI Experiments 1 - UFO-Info.plist";
				LD_RUNPATH_SEARCH_PATHS = "@loader_path/../Frameworks";
				OTHER_CFLAGS = (
					"-D",
					MACOS,
				);
				PRODUCT_BUNDLE_IDENTIFIER = "thatgamesguy.AI-Experiments-1-UFO";
				PRODUCT_NAME = "$(TARGET_NAME)";
			};
			name = Release;
		};
/* End XCBuildConfiguration section */

/* Begin XCConfigurationList section */
		E1226D2620E65342006CFADA /* Build configuration list for PBXProject "AI Experiments 1 - UFO" */ = {
			isa = XCConfigurationList;
			buildConfigurations = (
				E1226D3F20E65342006CFADA /* Debug */,
				E1226D4020E65342006CFADA /* Release */,
			);
			defaultConfigurationIsVisible = 0;
			defaultConfigurationName = Release;
		};
		E1226D4120E65342006CFADA /* Build configuration list for PBXNativeTarget "AI Experiments 1 - UFO" */ = {
			isa = XCConfigurationList;
			buildConfigurations = (
				E1226D4220E65342006CFADA /* Debug */,
				E1226D4320E65342006CFADA /* Release */,
			);
			defaultConfigurationIsVisible = 0;
			defaultConfigurationName = Release;
		};
/* End XCConfigurationList section */
	};
	rootObject = E1226D2320E65342006CFADA /* Project object */;
}
